{
  "version": 2,
  "dependencies": {
    "net10.0": {
      "Google.Apis.Auth": {
        "type": "Direct",
        "requested": "[1.70.0, )",
        "resolved": "1.70.0",
        "contentHash": "2gnpcYUaD5WS2/2922J+ji1tEKcNtxu+aQoiNVWhfcGwDqgcc5vk6ND6591M2UaGzJn0EdH325rsNHzi/MvA/A==",
        "dependencies": {
          "Google.Apis": "1.70.0",
          "Google.Apis.Core": "1.70.0",
          "System.Management": "7.0.2"
        }
      },
      "Google.Apis.Calendar.v3": {
        "type": "Direct",
        "requested": "[1.69.0.3746, )",
        "resolved": "1.69.0.3746",
        "contentHash": "CyHv8R2wYP5R6R1iQBw1HSd5/cAQ2tDSDEykVYmmm+Nv1YyuW3sQtbwBye37xGotmzQeGUKtYw+/y0Us9VAh+Q==",
        "dependencies": {
          "Google.Apis": "1.69.0",
          "Google.Apis.Auth": "1.69.0"
        }
      },
      "Microsoft.Extensions.Configuration": {
        "type": "Direct",
        "requested": "[9.0.8, )",
        "resolved": "9.0.8",
        "contentHash": "6m+8Xgmf8UWL0p/oGqBM+0KbHE5/ePXbV1hKXgC59zEv0aa0DW5oiiyxDbK5kH5j4gIvyD5uWL0+HadKBJngvQ==",
        "dependencies": {
          "Microsoft.Extensions.Configuration.Abstractions": "9.0.8",
          "Microsoft.Extensions.Primitives": "9.0.8"
        }
      },
      "Microsoft.Extensions.Configuration.Binder": {
        "type": "Direct",
        "requested": "[9.0.8, )",
        "resolved": "9.0.8",
        "contentHash": "0vK9DnYrYChdiH3yRZWkkp4x4LbrfkWEdBc5HOsQ8t/0CLOWKXKkkhOE8A1shlex0hGydbGrhObeypxz/QTm+w==",
        "dependencies": {
          "Microsoft.Extensions.Configuration.Abstractions": "9.0.8"
        }
      },
      "Microsoft.Extensions.Configuration.Json": {
        "type": "Direct",
        "requested": "[9.0.8, )",
        "resolved": "9.0.8",
        "contentHash": "vjxzcnL7ul322+kpvELisXaZl8/5MYs6JfI9DZLQWsao1nA/4FL48yPwDK986hbJTWc64JxOOaMym0SQ/dy32w==",
        "dependencies": {
          "Microsoft.Extensions.Configuration": "9.0.8",
          "Microsoft.Extensions.Configuration.Abstractions": "9.0.8",
          "Microsoft.Extensions.Configuration.FileExtensions": "9.0.8",
          "Microsoft.Extensions.FileProviders.Abstractions": "9.0.8"
        }
      },
      "Google.Apis": {
        "type": "Transitive",
        "resolved": "1.70.0",
        "contentHash": "K6VKPkHRN1P7pMb84eZu1rFyoie7LIYYsjTPvTnEH2lbscU1sBLR1C1MtsCoSJzgDIjr0yVGmSKnIC4D73ro1g==",
        "dependencies": {
          "Google.Apis.Core": "1.70.0"
        }
      },
      "Google.Apis.Core": {
        "type": "Transitive",
        "resolved": "1.70.0",
        "contentHash": "R7Mbea2iB/TN+3BA1LPCqb1eT2HxnILJ+ASl5pdhHHc8uSe95JTTnM2DEVbVBQ3vo9/FpbBxWBRjP1ed9QK9CQ==",
        "dependencies": {
          "Newtonsoft.Json": "13.0.3"
        }
      },
      "Microsoft.Extensions.Configuration.Abstractions": {
        "type": "Transitive",
        "resolved": "9.0.8",
        "contentHash": "yNou2KM35RvzOh4vUFtl2l33rWPvOCoba+nzEDJ+BgD8aOL/jew4WPCibQvntRfOJ2pJU8ARygSMD+pdjvDHuA==",
        "dependencies": {
          "Microsoft.Extensions.Primitives": "9.0.8"
        }
      },
      "Microsoft.Extensions.Configuration.FileExtensions": {
        "type": "Transitive",
        "resolved": "9.0.8",
        "contentHash": "2jgx58Jpk3oKT7KRn8x/cFf3QDTjQP+KUbyBnynAcB2iBx1Eq9EdNMCu0QEbYuaZOaQru/Kwdffary+hn58Wwg==",
        "dependencies": {
          "Microsoft.Extensions.Configuration": "9.0.8",
          "Microsoft.Extensions.Configuration.Abstractions": "9.0.8",
          "Microsoft.Extensions.FileProviders.Abstractions": "9.0.8",
          "Microsoft.Extensions.FileProviders.Physical": "9.0.8",
          "Microsoft.Extensions.Primitives": "9.0.8"
        }
      },
      "Microsoft.Extensions.FileProviders.Abstractions": {
        "type": "Transitive",
        "resolved": "9.0.8",
        "contentHash": "4zZbQ4w+hCMm9J+z5NOj3giIPT2MhZxx05HX/MGuAmDBbjOuXlYIIRN+t4V6OLxy5nXZIcXO+dQMB/OWubuDkw==",
        "dependencies": {
          "Microsoft.Extensions.Primitives": "9.0.8"
        }
      },
      "Microsoft.Extensions.FileProviders.Physical": {
        "type": "Transitive",
        "resolved": "9.0.8",
        "contentHash": "FlOe2i7UUIfY0l0ChaIYtlXjdWWutR4DMRKZaGD6z4G1uVTteFkbBfxUIoi1uGmrZQxXe/yv/cfwiT0tK2xyXA==",
        "dependencies": {
          "Microsoft.Extensions.FileProviders.Abstractions": "9.0.8",
          "Microsoft.Extensions.FileSystemGlobbing": "9.0.8",
          "Microsoft.Extensions.Primitives": "9.0.8"
        }
      },
      "Microsoft.Extensions.FileSystemGlobbing": {
        "type": "Transitive",
        "resolved": "9.0.8",
        "contentHash": "96Ub5LmwYfIGVoXkbe4kjs+ivK6fLBTwKJAOMfUNV0R+AkZRItlgROFqXEWMUlXBTPM1/kKu26Ueu5As6RDzJA=="
      },
      "Microsoft.Extensions.Primitives": {
        "type": "Transitive",
        "resolved": "9.0.8",
        "contentHash": "tizSIOEsIgSNSSh+hKeUVPK7xmTIjR8s+mJWOu1KXV3htvNQiPMFRMO17OdI1y/4ZApdBVk49u/08QGC9yvLug=="
      },
      "Newtonsoft.Json": {
        "type": "Transitive",
        "resolved": "13.0.3",
        "contentHash": "HrC5BXdl00IP9zeV+0Z848QWPAoCr9P3bDEZguI+gkLcBKAOxix/tLEAAHC+UvDNPv4a2d18lOReHMOagPa+zQ=="
      },
      "System.CodeDom": {
        "type": "Transitive",
        "resolved": "7.0.0",
        "contentHash": "GLltyqEsE5/3IE+zYRP5sNa1l44qKl9v+bfdMcwg+M9qnQf47wK3H0SUR/T+3N4JEQXF3vV4CSuuo0rsg+nq2A=="
      },
      "System.Management": {
        "type": "Transitive",
        "resolved": "7.0.2",
        "contentHash": "/qEUN91mP/MUQmJnM5y5BdT7ZoPuVrtxnFlbJ8a3kBJGhe2wCzBfnPFtK2wTtEEcf3DMGR9J00GZZfg6HRI6yA==",
        "dependencies": {
          "System.CodeDom": "7.0.0"
        }
      }
    }
  }
}